
Microsoft Visual Studio Solution File, Format Version 12.00
# Visual Studio 15
VisualStudioVersion = 15.0.28307.572
MinimumVisualStudioVersion = 10.0.40219.1
Project("{FAE04EC0-301F-11D3-BF4B-00C04F79EFBC}") = "SDP_task2_ERNESTAS_JUSKEVICIUS", "SDP_task2_ERNESTAS_JUSKEVICIUS\SDP_task2_ERNESTAS_JUSKEVICIUS.csproj", "{D1BEBA4A-7640-4D05-8A9D-D114D3F1C3E8}"
EndProject
Global
	GlobalSection(SolutionConfigurationPlatforms) = preSolution
		Debug|Any CPU = Debug|Any CPU
		Release|Any CPU = Release|Any CPU
	EndGlobalSection
	GlobalSection(ProjectConfigurationPlatforms) = postSolution
		{D1BEBA4A-7640-4D05-8A9D-D114D3F1C3E8}.Debug|Any CPU.ActiveCfg = Debug|Any CPU
		{D1BEBA4A-7640-4D05-8A9D-D114D3F1C3E8}.Debug|Any CPU.Build.0 = Debug|Any CPU
		{D1BEBA4A-7640-4D05-8A9D-D114D3F1C3E8}.Release|Any CPU.ActiveCfg = Release|Any CPU
		{D1BEBA4A-7640-4D05-8A9D-D114D3F1C3E8}.Release|Any CPU.Build.0 = Release|Any CPU
	EndGlobalSection
	GlobalSection(SolutionProperties) = preSolution
		HideSolutionNode = FALSE
	EndGlobalSection
	GlobalSection(ExtensibilityGlobals) = postSolution
		SolutionGuid = {FFDD64BF-E432-4D35-8E5B-7EE086E47FBA}
	EndGlobalSection
EndGlobal
