
Microsoft Visual Studio Solution File, Format Version 12.00
# Visual Studio Version 16
VisualStudioVersion = 16.0.28803.202
MinimumVisualStudioVersion = 10.0.40219.1
Project("{FAE04EC0-301F-11D3-BF4B-00C04F79EFBC}") = "EJassignment4", "EJassignment4\EJassignment4.csproj", "{C855E151-A775-4F1B-AE38-D43FCB4CBD3A}"
EndProject
Global
	GlobalSection(SolutionConfigurationPlatforms) = preSolution
		Debug|Any CPU = Debug|Any CPU
		Release|Any CPU = Release|Any CPU
	EndGlobalSection
	GlobalSection(ProjectConfigurationPlatforms) = postSolution
		{C855E151-A775-4F1B-AE38-D43FCB4CBD3A}.Debug|Any CPU.ActiveCfg = Debug|Any CPU
		{C855E151-A775-4F1B-AE38-D43FCB4CBD3A}.Debug|Any CPU.Build.0 = Debug|Any CPU
		{C855E151-A775-4F1B-AE38-D43FCB4CBD3A}.Release|Any CPU.ActiveCfg = Release|Any CPU
		{C855E151-A775-4F1B-AE38-D43FCB4CBD3A}.Release|Any CPU.Build.0 = Release|Any CPU
	EndGlobalSection
	GlobalSection(SolutionProperties) = preSolution
		HideSolutionNode = FALSE
	EndGlobalSection
	GlobalSection(ExtensibilityGlobals) = postSolution
		SolutionGuid = {CB34C182-DF51-4848-8B5A-08A4E407D0D6}
	EndGlobalSection
EndGlobal
